
Microsoft Visual Studio Solution File, Format Version 12.00
# Visual Studio 15
VisualStudioVersion = 15.0.27004.2005
MinimumVisualStudioVersion = 10.0.40219.1
Project("{FAE04EC0-301F-11D3-BF4B-00C04F79EFBC}") = "Won", "Won\Won.csproj", "{53627B3C-AC85-45D9-8715-593A5F304557}"
EndProject
Global
	GlobalSection(SolutionConfigurationPlatforms) = preSolution
		Debug|Any CPU = Debug|Any CPU
		Release|Any CPU = Release|Any CPU
	EndGlobalSection
	GlobalSection(ProjectConfigurationPlatforms) = postSolution
		{53627B3C-AC85-45D9-8715-593A5F304557}.Debug|Any CPU.ActiveCfg = Debug|Any CPU
		{53627B3C-AC85-45D9-8715-593A5F304557}.Debug|Any CPU.Build.0 = Debug|Any CPU
		{53627B3C-AC85-45D9-8715-593A5F304557}.Release|Any CPU.ActiveCfg = Release|Any CPU
		{53627B3C-AC85-45D9-8715-593A5F304557}.Release|Any CPU.Build.0 = Release|Any CPU
	EndGlobalSection
	GlobalSection(SolutionProperties) = preSolution
		HideSolutionNode = FALSE
	EndGlobalSection
	GlobalSection(ExtensibilityGlobals) = postSolution
		SolutionGuid = {C8AAA88E-1DE1-4606-932A-FCCECE746279}
	EndGlobalSection
EndGlobal
