
Microsoft Visual Studio Solution File, Format Version 12.00
# Visual Studio 15
VisualStudioVersion = 15.0.26730.10
MinimumVisualStudioVersion = 10.0.40219.1
Project("{FAE04EC0-301F-11D3-BF4B-00C04F79EFBC}") = "WonDemo1", "WonDemo1.csproj", "{0EC22B3A-0651-4E3C-BABE-758B112947F3}"
EndProject
Global
	GlobalSection(SolutionConfigurationPlatforms) = preSolution
		Debug|x86 = Debug|x86
		Release|x86 = Release|x86
	EndGlobalSection
	GlobalSection(ProjectConfigurationPlatforms) = postSolution
		{0EC22B3A-0651-4E3C-BABE-758B112947F3}.Debug|x86.ActiveCfg = Debug|x86
		{0EC22B3A-0651-4E3C-BABE-758B112947F3}.Debug|x86.Build.0 = Debug|x86
		{0EC22B3A-0651-4E3C-BABE-758B112947F3}.Release|x86.ActiveCfg = Release|x86
		{0EC22B3A-0651-4E3C-BABE-758B112947F3}.Release|x86.Build.0 = Release|x86
	EndGlobalSection
	GlobalSection(SolutionProperties) = preSolution
		HideSolutionNode = FALSE
	EndGlobalSection
	GlobalSection(ExtensibilityGlobals) = postSolution
		SolutionGuid = {7E983D4E-CD60-4569-846B-141BC7A9CBDC}
	EndGlobalSection
EndGlobal
